// !$*UTF8*$!
{
	archiveVersion = 1;
	classes = {
	};
	objectVersion = 50;
	objects = {

/* Begin PBXBuildFile section */
		13089F2221B40C51003F4F93 /* AppDelegate.swift in Sources */ = {isa = PBXBuildFile; fileRef = 13089F2121B40C51003F4F93 /* AppDelegate.swift */; };
		13089F2421B40C51003F4F93 /* CustomViewController.swift in Sources */ = {isa = PBXBuildFile; fileRef = 13089F2321B40C51003F4F93 /* CustomViewController.swift */; };
		13089F2721B40C51003F4F93 /* Main.storyboard in Resources */ = {isa = PBXBuildFile; fileRef = 13089F2521B40C51003F4F93 /* Main.storyboard */; };
		13089F2921B40C52003F4F93 /* Assets.xcassets in Resources */ = {isa = PBXBuildFile; fileRef = 13089F2821B40C52003F4F93 /* Assets.xcassets */; };
		13089F2C21B40C52003F4F93 /* LaunchScreen.storyboard in Resources */ = {isa = PBXBuildFile; fileRef = 13089F2A21B40C52003F4F93 /* LaunchScreen.storyboard */; };
		13089F3421B40C71003F4F93 /* CustomView.swift in Sources */ = {isa = PBXBuildFile; fileRef = 13089F3321B40C71003F4F93 /* CustomView.swift */; };
		13089F3621B40CC9003F4F93 /* ViewSpecificController.swift in Sources */ = {isa = PBXBuildFile; fileRef = 13089F3521B40CC9003F4F93 /* ViewSpecificController.swift */; };
/* End PBXBuildFile section */

/* Begin PBXFileReference section */
		13089F1E21B40C51003F4F93 /* LoadViewTest.app */ = {isa = PBXFileReference; explicitFileType = wrapper.application; includeInIndex = 0; path = LoadViewTest.app; sourceTree = BUILT_PRODUCTS_DIR; };
		13089F2121B40C51003F4F93 /* AppDelegate.swift */ = {isa = PBXFileReference; lastKnownFileType = sourcecode.swift; path = AppDelegate.swift; sourceTree = "<group>"; };
		13089F2321B40C51003F4F93 /* CustomViewController.swift */ = {isa = PBXFileReference; lastKnownFileType = sourcecode.swift; path = CustomViewController.swift; sourceTree = "<group>"; };
		13089F2621B40C51003F4F93 /* Base */ = {isa = PBXFileReference; lastKnownFileType = file.storyboard; name = Base; path = Base.lproj/Main.storyboard; sourceTree = "<group>"; };
		13089F2821B40C52003F4F93 /* Assets.xcassets */ = {isa = PBXFileReference; lastKnownFileType = folder.assetcatalog; path = Assets.xcassets; sourceTree = "<group>"; };
		13089F2B21B40C52003F4F93 /* Base */ = {isa = PBXFileReference; lastKnownFileType = file.storyboard; name = Base; path = Base.lproj/LaunchScreen.storyboard; sourceTree = "<group>"; };
		13089F2D21B40C52003F4F93 /* Info.plist */ = {isa = PBXFileReference; lastKnownFileType = text.plist.xml; path = Info.plist; sourceTree = "<group>"; };
		13089F3321B40C71003F4F93 /* CustomView.swift */ = {isa = PBXFileReference; lastKnownFileType = sourcecode.swift; path = CustomView.swift; sourceTree = "<group>"; };
		13089F3521B40CC9003F4F93 /* ViewSpecificController.swift */ = {isa = PBXFileReference; lastKnownFileType = sourcecode.swift; path = ViewSpecificController.swift; sourceTree = "<group>"; };
/* End PBXFileReference section */

/* Begin PBXFrameworksBuildPhase section */
		13089F1B21B40C51003F4F93 /* Frameworks */ = {
			isa = PBXFrameworksBuildPhase;
			buildActionMask = 2147483647;
			files = (
			);
			runOnlyForDeploymentPostprocessing = 0;
		};
/* End PBXFrameworksBuildPhase section */

/* Begin PBXGroup section */
		13089F1521B40C51003F4F93 = {
			isa = PBXGroup;
			children = (
				13089F2021B40C51003F4F93 /* LoadViewTest */,
				13089F1F21B40C51003F4F93 /* Products */,
			);
			sourceTree = "<group>";
		};
		13089F1F21B40C51003F4F93 /* Products */ = {
			isa = PBXGroup;
			children = (
				13089F1E21B40C51003F4F93 /* LoadViewTest.app */,
			);
			name = Products;
			sourceTree = "<group>";
		};
		13089F2021B40C51003F4F93 /* LoadViewTest */ = {
			isa = PBXGroup;
			children = (
				13089F2121B40C51003F4F93 /* AppDelegate.swift */,
				13089F3821B46AC3003F4F93 /* Custom controller */,
				13089F3721B46ABA003F4F93 /* Extension */,
				13089F2521B40C51003F4F93 /* Main.storyboard */,
				13089F2821B40C52003F4F93 /* Assets.xcassets */,
				13089F2A21B40C52003F4F93 /* LaunchScreen.storyboard */,
				13089F2D21B40C52003F4F93 /* Info.plist */,
			);
			path = LoadViewTest;
			sourceTree = "<group>";
		};
		13089F3721B46ABA003F4F93 /* Extension */ = {
			isa = PBXGroup;
			children = (
				13089F3521B40CC9003F4F93 /* ViewSpecificController.swift */,
			);
			path = Extension;
			sourceTree = "<group>";
		};
		13089F3821B46AC3003F4F93 /* Custom controller */ = {
			isa = PBXGroup;
			children = (
				13089F2321B40C51003F4F93 /* CustomViewController.swift */,
				13089F3321B40C71003F4F93 /* CustomView.swift */,
			);
			path = "Custom controller";
			sourceTree = "<group>";
		};
/* End PBXGroup section */

/* Begin PBXNativeTarget section */
		13089F1D21B40C51003F4F93 /* LoadViewTest */ = {
			isa = PBXNativeTarget;
			buildConfigurationList = 13089F3021B40C52003F4F93 /* Build configuration list for PBXNativeTarget "LoadViewTest" */;
			buildPhases = (
				13089F1A21B40C51003F4F93 /* Sources */,
				13089F1B21B40C51003F4F93 /* Frameworks */,
				13089F1C21B40C51003F4F93 /* Resources */,
			);
			buildRules = (
			);
			dependencies = (
			);
			name = LoadViewTest;
			productName = LoadViewTest;
			productReference = 13089F1E21B40C51003F4F93 /* LoadViewTest.app */;
			productType = "com.apple.product-type.application";
		};
/* End PBXNativeTarget section */

/* Begin PBXProject section */
		13089F1621B40C51003F4F93 /* Project object */ = {
			isa = PBXProject;
			attributes = {
				LastSwiftUpdateCheck = 1010;
				LastUpgradeCheck = 1010;
				ORGANIZATIONNAME = akaDuality;
				TargetAttributes = {
					13089F1D21B40C51003F4F93 = {
						CreatedOnToolsVersion = 10.1;
					};
				};
			};
			buildConfigurationList = 13089F1921B40C51003F4F93 /* Build configuration list for PBXProject "LoadViewTest" */;
			compatibilityVersion = "Xcode 9.3";
			developmentRegion = en;
			hasScannedForEncodings = 0;
			knownRegions = (
				en,
				Base,
			);
			mainGroup = 13089F1521B40C51003F4F93;
			productRefGroup = 13089F1F21B40C51003F4F93 /* Products */;
			projectDirPath = "";
			projectRoot = "";
			targets = (
				13089F1D21B40C51003F4F93 /* LoadViewTest */,
			);
		};
/* End PBXProject section */

/* Begin PBXResourcesBuildPhase section */
		13089F1C21B40C51003F4F93 /* Resources */ = {
			isa = PBXResourcesBuildPhase;
			buildActionMask = 2147483647;
			files = (
				13089F2C21B40C52003F4F93 /* LaunchScreen.storyboard in Resources */,
				13089F2921B40C52003F4F93 /* Assets.xcassets in Resources */,
				13089F2721B40C51003F4F93 /* Main.storyboard in Resources */,
			);
			runOnlyForDeploymentPostprocessing = 0;
		};
/* End PBXResourcesBuildPhase section */

/* Begin PBXSourcesBuildPhase section */
		13089F1A21B40C51003F4F93 /* Sources */ = {
			isa = PBXSourcesBuildPhase;
			buildActionMask = 2147483647;
			files = (
				13089F3621B40CC9003F4F93 /* ViewSpecificController.swift in Sources */,
				13089F3421B40C71003F4F93 /* CustomView.swift in Sources */,
				13089F2421B40C51003F4F93 /* CustomViewController.swift in Sources */,
				13089F2221B40C51003F4F93 /* AppDelegate.swift in Sources */,
			);
			runOnlyForDeploymentPostprocessing = 0;
		};
/* End PBXSourcesBuildPhase section */

/* Begin PBXVariantGroup section */
		13089F2521B40C51003F4F93 /* Main.storyboard */ = {
			isa = PBXVariantGroup;
			children = (
				13089F2621B40C51003F4F93 /* Base */,
			);
			name = Main.storyboard;
			sourceTree = "<group>";
		};
		13089F2A21B40C52003F4F93 /* LaunchScreen.storyboard */ = {
			isa = PBXVariantGroup;
			children = (
				13089F2B21B40C52003F4F93 /* Base */,
			);
			name = LaunchScreen.storyboard;
			sourceTree = "<group>";
		};
/* End PBXVariantGroup section */

/* Begin XCBuildConfiguration section */
		13089F2E21B40C52003F4F93 /* Debug */ = {
			isa = XCBuildConfiguration;
			buildSettings = {
				ALWAYS_SEARCH_USER_PATHS = NO;
				CLANG_ANALYZER_NONNULL = YES;
				CLANG_ANALYZER_NUMBER_OBJECT_CONVERSION = YES_AGGRESSIVE;
				CLANG_CXX_LANGUAGE_STANDARD = "gnu++14";
				CLANG_CXX_LIBRARY = "libc++";
				CLANG_ENABLE_MODULES = YES;
				CLANG_ENABLE_OBJC_ARC = YES;
				CLANG_ENABLE_OBJC_WEAK = YES;
				CLANG_WARN_BLOCK_CAPTURE_AUTORELEASING = YES;
				CLANG_WARN_BOOL_CONVERSION = YES;
				CLANG_WARN_COMMA = YES;
				CLANG_WARN_CONSTANT_CONVERSION = YES;
				CLANG_WARN_DEPRECATED_OBJC_IMPLEMENTATIONS = YES;
				CLANG_WARN_DIRECT_OBJC_ISA_USAGE = YES_ERROR;
				CLANG_WARN_DOCUMENTATION_COMMENTS = YES;
				CLANG_WARN_EMPTY_BODY = YES;
				CLANG_WARN_ENUM_CONVERSION = YES;
				CLANG_WARN_INFINITE_RECURSION = YES;
				CLANG_WARN_INT_CONVERSION = YES;
				CLANG_WARN_NON_LITERAL_NULL_CONVERSION = YES;
				CLANG_WARN_OBJC_IMPLICIT_RETAIN_SELF = YES;
				CLANG_WARN_OBJC_LITERAL_CONVERSION = YES;
				CLANG_WARN_OBJC_ROOT_CLASS = YES_ERROR;
				CLANG_WARN_RANGE_LOOP_ANALYSIS = YES;
				CLANG_WARN_STRICT_PROTOTYPES = YES;
				CLANG_WARN_SUSPICIOUS_MOVE = YES;
				CLANG_WARN_UNGUARDED_AVAILABILITY = YES_AGGRESSIVE;
				CLANG_WARN_UNREACHABLE_CODE = YES;
				CLANG_WARN__DUPLICATE_METHOD_MATCH = YES;
				CODE_SIGN_IDENTITY = "iPhone Developer";
				COPY_PHASE_STRIP = NO;
				DEBUG_INFORMATION_FORMAT = dwarf;
				ENABLE_STRICT_OBJC_MSGSEND = YES;
				ENABLE_TESTABILITY = YES;
				GCC_C_LANGUAGE_STANDARD = gnu11;
				GCC_DYNAMIC_NO_PIC = NO;
				GCC_NO_COMMON_BLOCKS = YES;
				GCC_OPTIMIZATION_LEVEL = 0;
				GCC_PREPROCESSOR_DEFINITIONS = (
					"DEBUG=1",
					"$(inherited)",
				);
				GCC_WARN_64_TO_32_BIT_CONVERSION = YES;
				GCC_WARN_ABOUT_RETURN_TYPE = YES_ERROR;
				GCC_WARN_UNDECLARED_SELECTOR = YES;
				GCC_WARN_UNINITIALIZED_AUTOS = YES_AGGRESSIVE;
				GCC_WARN_UNUSED_FUNCTION = YES;
				GCC_WARN_UNUSED_VARIABLE = YES;
				IPHONEOS_DEPLOYMENT_TARGET = 12.1;
				MTL_ENABLE_DEBUG_INFO = INCLUDE_SOURCE;
				MTL_FAST_MATH = YES;
				ONLY_ACTIVE_ARCH = YES;
				SDKROOT = iphoneos;
				SWIFT_ACTIVE_COMPILATION_CONDITIONS = DEBUG;
				SWIFT_OPTIMIZATION_LEVEL = "-Onone";
			};
			name = Debug;
		};
		13089F2F21B40C52003F4F93 /* Release */ = {
			isa = XCBuildConfiguration;
			buildSettings = {
				ALWAYS_SEARCH_USER_PATHS = NO;
				CLANG_ANALYZER_NONNULL = YES;
				CLANG_ANALYZER_NUMBER_OBJECT_CONVERSION = YES_AGGRESSIVE;
				CLANG_CXX_LANGUAGE_STANDARD = "gnu++14";
				CLANG_CXX_LIBRARY = "libc++";
				CLANG_ENABLE_MODULES = YES;
				CLANG_ENABLE_OBJC_ARC = YES;
				CLANG_ENABLE_OBJC_WEAK = YES;
				CLANG_WARN_BLOCK_CAPTURE_AUTORELEASING = YES;
				CLANG_WARN_BOOL_CONVERSION = YES;
				CLANG_WARN_COMMA = YES;
				CLANG_WARN_CONSTANT_CONVERSION = YES;
				CLANG_WARN_DEPRECATED_OBJC_IMPLEMENTATIONS = YES;
				CLANG_WARN_DIRECT_OBJC_ISA_USAGE = YES_ERROR;
				CLANG_WARN_DOCUMENTATION_COMMENTS = YES;
				CLANG_WARN_EMPTY_BODY = YES;
				CLANG_WARN_ENUM_CONVERSION = YES;
				CLANG_WARN_INFINITE_RECURSION = YES;
				CLANG_WARN_INT_CONVERSION = YES;
				CLANG_WARN_NON_LITERAL_NULL_CONVERSION = YES;
				CLANG_WARN_OBJC_IMPLICIT_RETAIN_SELF = YES;
				CLANG_WARN_OBJC_LITERAL_CONVERSION = YES;
				CLANG_WARN_OBJC_ROOT_CLASS = YES_ERROR;
				CLANG_WARN_RANGE_LOOP_ANALYSIS = YES;
				CLANG_WARN_STRICT_PROTOTYPES = YES;
				CLANG_WARN_SUSPICIOUS_MOVE = YES;
				CLANG_WARN_UNGUARDED_AVAILABILITY = YES_AGGRESSIVE;
				CLANG_WARN_UNREACHABLE_CODE = YES;
				CLANG_WARN__DUPLICATE_METHOD_MATCH = YES;
				CODE_SIGN_IDENTITY = "iPhone Developer";
				COPY_PHASE_STRIP = NO;
				DEBUG_INFORMATION_FORMAT = "dwarf-with-dsym";
				ENABLE_NS_ASSERTIONS = NO;
				ENABLE_STRICT_OBJC_MSGSEND = YES;
				GCC_C_LANGUAGE_STANDARD = gnu11;
				GCC_NO_COMMON_BLOCKS = YES;
				GCC_WARN_64_TO_32_BIT_CONVERSION = YES;
				GCC_WARN_ABOUT_RETURN_TYPE = YES_ERROR;
				GCC_WARN_UNDECLARED_SELECTOR = YES;
				GCC_WARN_UNINITIALIZED_AUTOS = YES_AGGRESSIVE;
				GCC_WARN_UNUSED_FUNCTION = YES;
				GCC_WARN_UNUSED_VARIABLE = YES;
				IPHONEOS_DEPLOYMENT_TARGET = 12.1;
				MTL_ENABLE_DEBUG_INFO = NO;
				MTL_FAST_MATH = YES;
				SDKROOT = iphoneos;
				SWIFT_COMPILATION_MODE = wholemodule;
				SWIFT_OPTIMIZATION_LEVEL = "-O";
				VALIDATE_PRODUCT = YES;
			};
			name = Release;
		};
		13089F3121B40C52003F4F93 /* Debug */ = {
			isa = XCBuildConfiguration;
			buildSettings = {
				ASSETCATALOG_COMPILER_APPICON_NAME = AppIcon;
				CODE_SIGN_STYLE = Automatic;
				DEVELOPMENT_TEAM = "";
				INFOPLIST_FILE = LoadViewTest/Info.plist;
				LD_RUNPATH_SEARCH_PATHS = (
					"$(inherited)",
					"@executable_path/Frameworks",
				);
				PRODUCT_BUNDLE_IDENTIFIER = com.akaDuality.LoadViewTest;
				PRODUCT_NAME = "$(TARGET_NAME)";
				SWIFT_VERSION = 4.2;
				TARGETED_DEVICE_FAMILY = "1,2";
			};
			name = Debug;
		};
		13089F3221B40C52003F4F93 /* Release */ = {
			isa = XCBuildConfiguration;
			buildSettings = {
				ASSETCATALOG_COMPILER_APPICON_NAME = AppIcon;
				CODE_SIGN_STYLE = Automatic;
				DEVELOPMENT_TEAM = "";
				INFOPLIST_FILE = LoadViewTest/Info.plist;
				LD_RUNPATH_SEARCH_PATHS = (
					"$(inherited)",
					"@executable_path/Frameworks",
				);
				PRODUCT_BUNDLE_IDENTIFIER = com.akaDuality.LoadViewTest;
				PRODUCT_NAME = "$(TARGET_NAME)";
				SWIFT_VERSION = 4.2;
				TARGETED_DEVICE_FAMILY = "1,2";
			};
			name = Release;
		};
/* End XCBuildConfiguration section */

/* Begin XCConfigurationList section */
		13089F1921B40C51003F4F93 /* Build configuration list for PBXProject "LoadViewTest" */ = {
			isa = XCConfigurationList;
			buildConfigurations = (
				13089F2E21B40C52003F4F93 /* Debug */,
				13089F2F21B40C52003F4F93 /* Release */,
			);
			defaultConfigurationIsVisible = 0;
			defaultConfigurationName = Release;
		};
		13089F3021B40C52003F4F93 /* Build configuration list for PBXNativeTarget "LoadViewTest" */ = {
			isa = XCConfigurationList;
			buildConfigurations = (
				13089F3121B40C52003F4F93 /* Debug */,
				13089F3221B40C52003F4F93 /* Release */,
			);
			defaultConfigurationIsVisible = 0;
			defaultConfigurationName = Release;
		};
/* End XCConfigurationList section */
	};
	rootObject = 13089F1621B40C51003F4F93 /* Project object */;
}
